
Microsoft Visual Studio Solution File, Format Version 12.00
# Visual Studio Version 17
VisualStudioVersion = 17.1.32421.90
MinimumVisualStudioVersion = 10.0.40219.1
Project("{FAE04EC0-301F-11D3-BF4B-00C04F79EFBC}") = "Hospital", "Hospital.csproj", "{1A723F7B-C2B1-4D92-BE4B-0F7800FE1063}"
EndProject
Project("{2150E333-8FDC-42A3-9474-1A3956D46DE8}") = "Элементы решения", "Элементы решения", "{D12A6E3C-21D8-4B87-A65B-6E69D65D145A}"
EndProject
Global
	GlobalSection(SolutionConfigurationPlatforms) = preSolution
		Debug|Any CPU = Debug|Any CPU
		Release|Any CPU = Release|Any CPU
	EndGlobalSection
	GlobalSection(ProjectConfigurationPlatforms) = postSolution
		{1A723F7B-C2B1-4D92-BE4B-0F7800FE1063}.Debug|Any CPU.ActiveCfg = Debug|Any CPU
		{1A723F7B-C2B1-4D92-BE4B-0F7800FE1063}.Debug|Any CPU.Build.0 = Debug|Any CPU
		{1A723F7B-C2B1-4D92-BE4B-0F7800FE1063}.Release|Any CPU.ActiveCfg = Release|Any CPU
		{1A723F7B-C2B1-4D92-BE4B-0F7800FE1063}.Release|Any CPU.Build.0 = Release|Any CPU
	EndGlobalSection
	GlobalSection(SolutionProperties) = preSolution
		HideSolutionNode = FALSE
	EndGlobalSection
	GlobalSection(ExtensibilityGlobals) = postSolution
		SolutionGuid = {9498D43C-EBA3-4E02-A99C-C17F50F04C29}
	EndGlobalSection
EndGlobal
